# THIS IS AN AUTOGENERATED FILE. DO NOT EDIT THIS FILE DIRECTLY.
# yarn lockfile v1


"@emnapi/core@^1.7.1":
  version "1.9.1"
  resolved "https://registry.npmmirror.com/@emnapi/core/-/core-1.9.1.tgz#2143069c744ca2442074f8078462e51edd63c7bd"
  integrity sha512-mukuNALVsoix/w1BJwFzwXBN/dHeejQtuVzcDsfOEsdpCumXb/E9j8w11h5S54tT1xhifGfbbSm/ICrObRb3KA==
  dependencies:
    "@emnapi/wasi-threads" "1.2.0"
    tslib "^2.4.0"

"@emnapi/runtime@^1.7.1":
  version "1.9.1"
  resolved "https://registry.npmmirror.com/@emnapi/runtime/-/runtime-1.9.1.tgz#115ff2a0d589865be6bd8e9d701e499c473f2a8d"
  integrity sha512-VYi5+ZVLhpgK4hQ0TAjiQiZ6ol0oe4mBx7mVv7IflsiEp0OWoVsp/+f9Vc1hOhE0TtkORVrI1GvzyreqpgWtkA==
  dependencies:
    tslib "^2.4.0"

"@emnapi/wasi-threads@1.2.0":
  version "1.2.0"
  resolved "https://registry.npmmirror.com/@emnapi/wasi-threads/-/wasi-threads-1.2.0.tgz#a19d9772cc3d195370bf6e2a805eec40aa75e18e"
  integrity sha512-N10dEJNSsUx41Z6pZsXU8FjPjpBEplgH24sfkmITrBED1/U2Esum9F3lfLrMjKHHjmi557zQn7kR9R+XWXu5Rg==
  dependencies:
    tslib "^2.4.0"

"@napi-rs/wasm-runtime@^1.1.1":
  version "1.1.1"
  resolved "https://registry.npmmirror.com/@napi-rs/wasm-runtime/-/wasm-runtime-1.1.1.tgz#c3705ab549d176b8dc5172723d6156c3dc426af2"
  integrity sha512-p64ah1M1ld8xjWv3qbvFwHiFVWrq1yFvV4f7w+mzaqiR4IlSgkqhcRdHwsGgomwzBH51sRY4NEowLxnaBjcW/A==
  dependencies:
    "@emnapi/core" "^1.7.1"
    "@emnapi/runtime" "^1.7.1"
    "@tybys/wasm-util" "^0.10.1"

"@oxc-project/types@=0.122.0":
  version "0.122.0"
  resolved "https://registry.npmmirror.com/@oxc-project/types/-/types-0.122.0.tgz#2f4e77a3b183c87b2a326affd703ef71ba836601"
  integrity sha512-oLAl5kBpV4w69UtFZ9xqcmTi+GENWOcPF7FCrczTiBbmC0ibXxCwyvZGbO39rCVEuLGAZM84DH0pUIyyv/YJzA==

"@rolldown/binding-android-arm64@1.0.0-rc.11":
  version "1.0.0-rc.11"
  resolved "https://registry.npmmirror.com/@rolldown/binding-android-arm64/-/binding-android-arm64-1.0.0-rc.11.tgz#25a584227ed97239fd564451c0db2c359751b42a"
  integrity sha512-SJ+/g+xNnOh6NqYxD0V3uVN4W3VfnrGsC9/hoglicgTNfABFG9JjISvkkU0dNY84MNHLWyOgxP9v9Y9pX4S7+A==

"@rolldown/binding-darwin-arm64@1.0.0-rc.11":
  version "1.0.0-rc.11"
  resolved "https://registry.npmmirror.com/@rolldown/binding-darwin-arm64/-/binding-darwin-arm64-1.0.0-rc.11.tgz#dcfa96c4d8c7baa47f5b90294ce8ebf1b0b1dbf9"
  integrity sha512-7WQgR8SfOPwmDZGFkThUvsmd/nwAWv91oCO4I5LS7RKrssPZmOt7jONN0cW17ydGC1n/+puol1IpoieKqQidmg==

"@rolldown/binding-darwin-x64@1.0.0-rc.11":
  version "1.0.0-rc.11"
  resolved "https://registry.npmmirror.com/@rolldown/binding-darwin-x64/-/binding-darwin-x64-1.0.0-rc.11.tgz#6e751ea2067cacee0c94f0e8b087761dde62f9ea"
  integrity sha512-39Ks6UvIHq4rEogIfQBoBRusj0Q0nPVWIvqmwBLaT6aqQGIakHdESBVOPRRLacy4WwUPIx4ZKzfZ9PMW+IeyUQ==

"@rolldown/binding-freebsd-x64@1.0.0-rc.11":
  version "1.0.0-rc.11"
  resolved "https://registry.npmmirror.com/@rolldown/binding-freebsd-x64/-/binding-freebsd-x64-1.0.0-rc.11.tgz#b7582b959398c5871034b94ba0a8ecde0425a8e7"
  integrity sha512-jfsm0ZHfhiqrvWjJAmzsqiIFPz5e7mAoCOPBNTcNgkiid/LaFKiq92+0ojH+nmJmKYkre4t71BWXUZDNp7vsag==

"@rolldown/binding-linux-arm-gnueabihf@1.0.0-rc.11":
  version "1.0.0-rc.11"
  resolved "https://registry.npmmirror.com/@rolldown/binding-linux-arm-gnueabihf/-/binding-linux-arm-gnueabihf-1.0.0-rc.11.tgz#3b8c5e071d6a0ed1cb1880c1948c6fece553502a"
  integrity sha512-zjQaUtSyq1nVe3nxmlSCuR96T1LPlpvmJ0SZy0WJFEsV4kFbXcq2u68L4E6O0XeFj4aex9bEauqjW8UQBeAvfQ==

"@rolldown/binding-linux-arm64-gnu@1.0.0-rc.11":
  version "1.0.0-rc.11"
  resolved "https://registry.npmmirror.com/@rolldown/binding-linux-arm64-gnu/-/binding-linux-arm64-gnu-1.0.0-rc.11.tgz#2533165620137b077ae4ede92b752a63cd85cfcb"
  integrity sha512-WMW1yE6IOnehTcFE9eipFkm3XN63zypWlrJQ2iF7NrQ9b2LDRjumFoOGJE8RJJTJCTBAdmLMnJ8uVitACUUo1Q==

"@rolldown/binding-linux-arm64-musl@1.0.0-rc.11":
  version "1.0.0-rc.11"
  resolved "https://registry.npmmirror.com/@rolldown/binding-linux-arm64-musl/-/binding-linux-arm64-musl-1.0.0-rc.11.tgz#b04cf5b806a012027a4e8b139e0f86b2ff7621c0"
  integrity sha512-jfndI9tsfm4APzjNt6QdBkYwre5lRPUgHeDHoI7ydKUuJvz3lZeCfMsI56BZj+7BYqiKsJm7cfd/6KYV7ubrBg==

"@rolldown/binding-linux-ppc64-gnu@1.0.0-rc.11":
  version "1.0.0-rc.11"
  resolved "https://registry.npmmirror.com/@rolldown/binding-linux-ppc64-gnu/-/binding-linux-ppc64-gnu-1.0.0-rc.11.tgz#bda9c11fe03482033d5dac6a943802b3e7579550"
  integrity sha512-ZlFgw46NOAGMgcdvdYwAGu2Q+SLFA9LzbJLW+iyMOJyhj5wk6P3KEE9Gct4xWwSzFoPI7JCdYmYMzVtlgQ+zfw==

"@rolldown/binding-linux-s390x-gnu@1.0.0-rc.11":
  version "1.0.0-rc.11"
  resolved "https://registry.npmmirror.com/@rolldown/binding-linux-s390x-gnu/-/binding-linux-s390x-gnu-1.0.0-rc.11.tgz#55daa2d35f92f62e958fc44e12db1c16e1f271c5"
  integrity sha512-hIOYmuT6ofM4K04XAZd3OzMySEO4K0/nc9+jmNcxNAxRi6c5UWpqfw3KMFV4MVFWL+jQsSh+bGw2VqmaPMTLyw==

"@rolldown/binding-linux-x64-gnu@1.0.0-rc.11":
  version "1.0.0-rc.11"
  resolved "https://registry.npmmirror.com/@rolldown/binding-linux-x64-gnu/-/binding-linux-x64-gnu-1.0.0-rc.11.tgz#8ca1abf607bbe2f7fdd6f6416192937dc9ea1e54"
  integrity sha512-qXBQQO9OvkjjQPLdUVr7Nr2t3QTZI7s4KZtfw7HzBgjbmAPSFwSv4rmET9lLSgq3rH/ndA3ngv3Qb8l2njoPNA==

"@rolldown/binding-linux-x64-musl@1.0.0-rc.11":
  version "1.0.0-rc.11"
  resolved "https://registry.npmmirror.com/@rolldown/binding-linux-x64-musl/-/binding-linux-x64-musl-1.0.0-rc.11.tgz#36a52beee8ac97a79d1ed8f1b94fab677e3e4d11"
  integrity sha512-/tpFfoSTzUkH9LPY+cYbqZBDyyX62w5fICq9qzsHLL8uTI6BHip3Q9Uzft0wylk/i8OOwKik8OxW+QAhDmzwmg==

"@rolldown/binding-openharmony-arm64@1.0.0-rc.11":
  version "1.0.0-rc.11"
  resolved "https://registry.npmmirror.com/@rolldown/binding-openharmony-arm64/-/binding-openharmony-arm64-1.0.0-rc.11.tgz#91c74fd23b3f3f3942fe4b3aefc9428ecbaa55fd"
  integrity sha512-mcp3Rio2w72IvdZG0oQ4bM2c2oumtwHfUfKncUM6zGgz0KgPz4YmDPQfnXEiY5t3+KD/i8HG2rOB/LxdmieK2g==

"@rolldown/binding-wasm32-wasi@1.0.0-rc.11":
  version "1.0.0-rc.11"
  resolved "https://registry.npmmirror.com/@rolldown/binding-wasm32-wasi/-/binding-wasm32-wasi-1.0.0-rc.11.tgz#6520bafe57ff1cd2fb45f8f22b1cb6d57be44e79"
  integrity sha512-LXk5Hii1Ph9asuGRjBuz8TUxdc1lWzB7nyfdoRgI0WGPZKmCxvlKk8KfYysqtr4MfGElu/f/pEQRh8fcEgkrWw==
  dependencies:
    "@napi-rs/wasm-runtime" "^1.1.1"

"@rolldown/binding-win32-arm64-msvc@1.0.0-rc.11":
  version "1.0.0-rc.11"
  resolved "https://registry.npmmirror.com/@rolldown/binding-win32-arm64-msvc/-/binding-win32-arm64-msvc-1.0.0-rc.11.tgz#73dd1c4737473c8270b61cd2e42b05a34453ffc0"
  integrity sha512-dDwf5otnx0XgRY1yqxOC4ITizcdzS/8cQ3goOWv3jFAo4F+xQYni+hnMuO6+LssHHdJW7+OCVL3CoU4ycnh35Q==

"@rolldown/binding-win32-x64-msvc@1.0.0-rc.11":
  version "1.0.0-rc.11"
  resolved "https://registry.npmmirror.com/@rolldown/binding-win32-x64-msvc/-/binding-win32-x64-msvc-1.0.0-rc.11.tgz#4d922aa6dd6bf27c73eba93fec9a0aed62549095"
  integrity sha512-LN4/skhSggybX71ews7dAj6r2geaMJfm3kMbK2KhFMg9B10AZXnKoLCVVgzhMHL0S+aKtr4p8QbAW8k+w95bAA==

"@rolldown/pluginutils@1.0.0-rc.11":
  version "1.0.0-rc.11"
  resolved "https://registry.npmmirror.com/@rolldown/pluginutils/-/pluginutils-1.0.0-rc.11.tgz#110d8cc72990c4e36a79791eeafe7cca979e00c9"
  integrity sha512-xQO9vbwBecJRv9EUcQ/y0dzSTJgA7Q6UVN7xp6B81+tBGSLVAK03yJ9NkJaUA7JFD91kbjxRSC/mDnmvXzbHoQ==

"@tybys/wasm-util@^0.10.1":
  version "0.10.1"
  resolved "https://registry.npmmirror.com/@tybys/wasm-util/-/wasm-util-0.10.1.tgz#ecddd3205cf1e2d5274649ff0eedd2991ed7f414"
  integrity sha512-9tTaPJLSiejZKx+Bmog4uSubteqTvFrVrURwkmHixBo0G4seD0zUxp98E1DzUBJxLQ3NPwXrGKDiVjwx/DpPsg==
  dependencies:
    tslib "^2.4.0"

ansi-regex@^2.0.0:
  version "2.1.1"
  resolved "https://registry.npmmirror.com/ansi-regex/-/ansi-regex-2.1.1.tgz#c3b33ab5ee360d86e0e628f0468ae7ef27d654df"
  integrity sha512-TIGnTpdo+E3+pCyAluZvtED5p5wCqLdezCyhPZzKPcxvFplEt4i+W7OONCKgeZFT3+y5NZZfOOS/Bdcanm1MYA==

ansi-styles@^2.2.1:
  version "2.2.1"
  resolved "https://registry.npmmirror.com/ansi-styles/-/ansi-styles-2.2.1.tgz#b432dd3358b634cf75e1e4664368240533c1ddbe"
  integrity sha512-kmCevFghRiWM7HB5zTPULl4r9bVFSWjz62MhqizDGUrq2NWuNMQyuv4tHHoKJHs69M/MF64lEcHdYIocrdWQYA==

babel-code-frame@^6.26.0:
  version "6.26.0"
  resolved "https://registry.npmmirror.com/babel-code-frame/-/babel-code-frame-6.26.0.tgz#63fd43f7dc1e3bb7ce35947db8fe369a3f58c74b"
  integrity sha512-XqYMR2dfdGMW+hd0IUZ2PwK+fGeFkOxZJ0wY+JaQAHzt1Zx8LcvpiZD2NiGkEG8qx0CfkAOr5xt76d1e8vG90g==
  dependencies:
    chalk "^1.1.3"
    esutils "^2.0.2"
    js-tokens "^3.0.2"

babel-messages@^6.23.0:
  version "6.23.0"
  resolved "https://registry.npmmirror.com/babel-messages/-/babel-messages-6.23.0.tgz#f3cdf4703858035b2a2951c6ec5edf6c62f2630e"
  integrity sha512-Bl3ZiA+LjqaMtNYopA9TYE9HP1tQ+E5dLxE0XrAzcIJeK2UqF0/EaqXwBn9esd4UmTfEab+P+UYQ1GnioFIb/w==
  dependencies:
    babel-runtime "^6.22.0"

babel-plugin-syntax-decorators@^6.1.18:
  version "6.13.0"
  resolved "https://registry.npmmirror.com/babel-plugin-syntax-decorators/-/babel-plugin-syntax-decorators-6.13.0.tgz#312563b4dbde3cc806cee3e416cceeaddd11ac0b"
  integrity sha512-AWj19x2aDm8qFQ5O2JcD6pwJDW1YdcnO+1b81t7gxrGjz5VHiUqeYWAR4h7zueWMalRelrQDXprv2FrY1dbpbw==

babel-plugin-transform-decorators-legacy@^1.3.5:
  version "1.3.5"
  resolved "https://registry.npmmirror.com/babel-plugin-transform-decorators-legacy/-/babel-plugin-transform-decorators-legacy-1.3.5.tgz#0e492dffa0edd70529072887f8aa86d4dd8b40a1"
  integrity sha512-jYHwjzRXRelYQ1uGm353zNzf3QmtdCfvJbuYTZ4gKveK7M9H1fs3a5AKdY1JUDl0z97E30ukORW1dzhWvsabtA==
  dependencies:
    babel-plugin-syntax-decorators "^6.1.18"
    babel-runtime "^6.2.0"
    babel-template "^6.3.0"

babel-runtime@^6.2.0, babel-runtime@^6.22.0, babel-runtime@^6.26.0:
  version "6.26.0"
  resolved "https://registry.npmmirror.com/babel-runtime/-/babel-runtime-6.26.0.tgz#965c7058668e82b55d7bfe04ff2337bc8b5647fe"
  integrity sha512-ITKNuq2wKlW1fJg9sSW52eepoYgZBggvOAHC0u/CYu/qxQ9EVzThCgR69BnSXLHjy2f7SY5zaQ4yt7H9ZVxY2g==
  dependencies:
    core-js "^2.4.0"
    regenerator-runtime "^0.11.0"

babel-template@^6.3.0:
  version "6.26.0"
  resolved "https://registry.npmmirror.com/babel-template/-/babel-template-6.26.0.tgz#de03e2d16396b069f46dd9fff8521fb1a0e35e02"
  integrity sha512-PCOcLFW7/eazGUKIoqH97sO9A2UYMahsn/yRQ7uOk37iutwjq7ODtcTNF+iFDSHNfkctqsLRjLP7URnOx0T1fg==
  dependencies:
    babel-runtime "^6.26.0"
    babel-traverse "^6.26.0"
    babel-types "^6.26.0"
    babylon "^6.18.0"
    lodash "^4.17.4"

babel-traverse@^6.26.0:
  version "6.26.0"
  resolved "https://registry.npmmirror.com/babel-traverse/-/babel-traverse-6.26.0.tgz#46a9cbd7edcc62c8e5c064e2d2d8d0f4035766ee"
  integrity sha512-iSxeXx7apsjCHe9c7n8VtRXGzI2Bk1rBSOJgCCjfyXb6v1aCqE1KSEpq/8SXuVN8Ka/Rh1WDTF0MDzkvTA4MIA==
  dependencies:
    babel-code-frame "^6.26.0"
    babel-messages "^6.23.0"
    babel-runtime "^6.26.0"
    babel-types "^6.26.0"
    babylon "^6.18.0"
    debug "^2.6.8"
    globals "^9.18.0"
    invariant "^2.2.2"
    lodash "^4.17.4"

babel-types@^6.26.0:
  version "6.26.0"
  resolved "https://registry.npmmirror.com/babel-types/-/babel-types-6.26.0.tgz#a3b073f94ab49eb6fa55cd65227a334380632497"
  integrity sha512-zhe3V/26rCWsEZK8kZN+HaQj5yQ1CilTObixFzKW1UWjqG7618Twz6YEsCnjfg5gBcJh02DrpCkS9h98ZqDY+g==
  dependencies:
    babel-runtime "^6.26.0"
    esutils "^2.0.2"
    lodash "^4.17.4"
    to-fast-properties "^1.0.3"

babylon@^6.18.0:
  version "6.18.0"
  resolved "https://registry.npmmirror.com/babylon/-/babylon-6.18.0.tgz#af2f3b88fa6f5c1e4c634d1a0f8eac4f55b395e3"
  integrity sha512-q/UEjfGJ2Cm3oKV71DJz9d25TPnq5rhBVL2Q4fA5wcC3jcrdn7+SssEybFIxwAvvP+YCsCYNKughoF33GxgycQ==

chalk@^1.1.3:
  version "1.1.3"
  resolved "https://registry.npmmirror.com/chalk/-/chalk-1.1.3.tgz#a8115c55e4a702fe4d150abd3872822a7e09fc98"
  integrity sha512-U3lRVLMSlsCfjqYPbLyVv11M9CPW4I728d6TCKMAOJueEeB9/8o+eSsMnxPJD+Q+K909sdESg7C+tIkoH6on1A==
  dependencies:
    ansi-styles "^2.2.1"
    escape-string-regexp "^1.0.2"
    has-ansi "^2.0.0"
    strip-ansi "^3.0.0"
    supports-color "^2.0.0"

core-js@^2.4.0:
  version "2.6.12"
  resolved "https://registry.npmmirror.com/core-js/-/core-js-2.6.12.tgz#d9333dfa7b065e347cc5682219d6f690859cc2ec"
  integrity sha512-Kb2wC0fvsWfQrgk8HU5lW6U/Lcs8+9aaYcy4ZFc6DDlo4nZ7n70dEgE5rtR0oG6ufKDUnrwfWL1mXR5ljDatrQ==

debug@^2.6.8:
  version "2.6.9"
  resolved "https://registry.npmmirror.com/debug/-/debug-2.6.9.tgz#5d128515df134ff327e90a4c93f4e077a536341f"
  integrity sha512-bC7ElrdJaJnPbAP+1EotYvqZsb3ecl5wi6Bfi6BJTUcNowp6cvspg0jXznRTKDjm/E7AdgFBVeAPVMNcKGsHMA==
  dependencies:
    ms "2.0.0"

detect-libc@^2.0.3:
  version "2.1.2"
  resolved "https://registry.npmmirror.com/detect-libc/-/detect-libc-2.1.2.tgz#689c5dcdc1900ef5583a4cb9f6d7b473742074ad"
  integrity sha512-Btj2BOOO83o3WyH59e8MgXsxEQVcarkUOpEYrubB0urwnN10yQ364rsiByU11nZlqWYZm05i/of7io4mzihBtQ==

escape-string-regexp@^1.0.2:
  version "1.0.5"
  resolved "https://registry.npmmirror.com/escape-string-regexp/-/escape-string-regexp-1.0.5.tgz#1b61c0562190a8dff6ae3bb2cf0200ca130b86d4"
  integrity sha512-vbRorB5FUQWvla16U8R/qgaFIya2qGzwDrNmCZuYKrbdSUMG6I1ZCGQRefkRVhuOkIGVne7BQ35DSfo1qvJqFg==

esutils@^2.0.2:
  version "2.0.3"
  resolved "https://registry.npmmirror.com/esutils/-/esutils-2.0.3.tgz#74d2eb4de0b8da1293711910d50775b9b710ef64"
  integrity sha512-kVscqXk4OCp68SZ0dkgEKVi6/8ij300KBWTJq32P/dYeWTSwK41WyTxalN1eRmA5Z9UU/LX9D7FWSmV9SAYx6g==

fdir@^6.5.0:
  version "6.5.0"
  resolved "https://registry.npmmirror.com/fdir/-/fdir-6.5.0.tgz#ed2ab967a331ade62f18d077dae192684d50d350"
  integrity sha512-tIbYtZbucOs0BRGqPJkshJUYdL+SDH7dVM8gjy+ERp3WAUjLEFJE+02kanyHtwjWOnwrKYBiwAmM0p4kLJAnXg==

fsevents@~2.3.3:
  version "2.3.3"
  resolved "https://registry.npmmirror.com/fsevents/-/fsevents-2.3.3.tgz#cac6407785d03675a2a5e1a5305c697b347d90d6"
  integrity sha512-5xoDfX+fL7faATnagmWPpbFtwh/R77WmMMqqHGS65C3vvB0YHrgF+B1YmZ3441tMj5n63k0212XNoJwzlhffQw==

globals@^9.18.0:
  version "9.18.0"
  resolved "https://registry.npmmirror.com/globals/-/globals-9.18.0.tgz#aa3896b3e69b487f17e31ed2143d69a8e30c2d8a"
  integrity sha512-S0nG3CLEQiY/ILxqtztTWH/3iRRdyBLw6KMDxnKMchrtbj2OFmehVh0WUCfW3DUrIgx/qFrJPICrq4Z4sTR9UQ==

has-ansi@^2.0.0:
  version "2.0.0"
  resolved "https://registry.npmmirror.com/has-ansi/-/has-ansi-2.0.0.tgz#34f5049ce1ecdf2b0649af3ef24e45ed35416d91"
  integrity sha512-C8vBJ8DwUCx19vhm7urhTuUsr4/IyP6l4VzNQDv+ryHQObW3TTTp9yB68WpYgRe2bbaGuZ/se74IqFeVnMnLZg==
  dependencies:
    ansi-regex "^2.0.0"

invariant@^2.2.2:
  version "2.2.4"
  resolved "https://registry.npmmirror.com/invariant/-/invariant-2.2.4.tgz#610f3c92c9359ce1db616e538008d23ff35158e6"
  integrity sha512-phJfQVBuaJM5raOpJjSfkiD6BpbCE4Ns//LaXl6wGYtUBY83nWS6Rf9tXm2e8VaK60JEjYldbPif/A2B1C2gNA==
  dependencies:
    loose-envify "^1.0.0"

javascript-state-machine@^3.1.0:
  version "3.1.0"
  resolved "https://registry.npmmirror.com/javascript-state-machine/-/javascript-state-machine-3.1.0.tgz#06eeb2136a6a19ae1b56105c25caec283dd5cd14"
  integrity sha512-BwhYxQ1OPenBPXC735RgfB+ZUG8H3kjsx8hrYTgWnoy6TPipEy4fiicyhT2lxRKAXq9pG7CfFT8a2HLr6Hmwxg==

jquery@^4.0.0:
  version "4.0.0"
  resolved "https://registry.npmmirror.com/jquery/-/jquery-4.0.0.tgz#95c33ac29005ff72ec444c5ba1cf457e61404fbb"
  integrity sha512-TXCHVR3Lb6TZdtw1l3RTLf8RBWVGexdxL6AC8/e0xZKEpBflBsjh9/8LXw+dkNFuOyW9B7iB3O1sP7hS0Kiacg==

"js-tokens@^3.0.0 || ^4.0.0":
  version "4.0.0"
  resolved "https://registry.npmmirror.com/js-tokens/-/js-tokens-4.0.0.tgz#19203fb59991df98e3a287050d4647cdeaf32499"
  integrity sha512-RdJUflcE3cUzKiMqQgsCu06FPu9UdIJO0beYbPhHN4k6apgJtifcoCtT9bcxOpYBtpD2kCM6Sbzg4CausW/PKQ==

js-tokens@^3.0.2:
  version "3.0.2"
  resolved "https://registry.npmmirror.com/js-tokens/-/js-tokens-3.0.2.tgz#9866df395102130e38f7f996bceb65443209c25b"
  integrity sha512-RjTcuD4xjtthQkaWH7dFlH85L+QaVtSoOyGdZ3g6HFhS9dFNDfLyqgm2NFe2X6cQpeFmt0452FJjFG5UameExg==

lightningcss-android-arm64@1.32.0:
  version "1.32.0"
  resolved "https://registry.npmmirror.com/lightningcss-android-arm64/-/lightningcss-android-arm64-1.32.0.tgz#f033885116dfefd9c6f54787523e3514b61e1968"
  integrity sha512-YK7/ClTt4kAK0vo6w3X+Pnm0D2cf2vPHbhOXdoNti1Ga0al1P4TBZhwjATvjNwLEBCnKvjJc2jQgHXH0NEwlAg==

lightningcss-darwin-arm64@1.32.0:
  version "1.32.0"
  resolved "https://registry.npmmirror.com/lightningcss-darwin-arm64/-/lightningcss-darwin-arm64-1.32.0.tgz#50b71871b01c8199584b649e292547faea7af9b5"
  integrity sha512-RzeG9Ju5bag2Bv1/lwlVJvBE3q6TtXskdZLLCyfg5pt+HLz9BqlICO7LZM7VHNTTn/5PRhHFBSjk5lc4cmscPQ==

lightningcss-darwin-x64@1.32.0:
  version "1.32.0"
  resolved "https://registry.npmmirror.com/lightningcss-darwin-x64/-/lightningcss-darwin-x64-1.32.0.tgz#35f3e97332d130b9ca181e11b568ded6aebc6d5e"
  integrity sha512-U+QsBp2m/s2wqpUYT/6wnlagdZbtZdndSmut/NJqlCcMLTWp5muCrID+K5UJ6jqD2BFshejCYXniPDbNh73V8w==

lightningcss-freebsd-x64@1.32.0:
  version "1.32.0"
  resolved "https://registry.npmmirror.com/lightningcss-freebsd-x64/-/lightningcss-freebsd-x64-1.32.0.tgz#9777a76472b64ed6ff94342ad64c7bafd794a575"
  integrity sha512-JCTigedEksZk3tHTTthnMdVfGf61Fky8Ji2E4YjUTEQX14xiy/lTzXnu1vwiZe3bYe0q+SpsSH/CTeDXK6WHig==

lightningcss-linux-arm-gnueabihf@1.32.0:
  version "1.32.0"
  resolved "https://registry.npmmirror.com/lightningcss-linux-arm-gnueabihf/-/lightningcss-linux-arm-gnueabihf-1.32.0.tgz#13ae652e1ab73b9135d7b7da172f666c410ad53d"
  integrity sha512-x6rnnpRa2GL0zQOkt6rts3YDPzduLpWvwAF6EMhXFVZXD4tPrBkEFqzGowzCsIWsPjqSK+tyNEODUBXeeVHSkw==

lightningcss-linux-arm64-gnu@1.32.0:
  version "1.32.0"
  resolved "https://registry.npmmirror.com/lightningcss-linux-arm64-gnu/-/lightningcss-linux-arm64-gnu-1.32.0.tgz#417858795a94592f680123a1b1f9da8a0e1ef335"
  integrity sha512-0nnMyoyOLRJXfbMOilaSRcLH3Jw5z9HDNGfT/gwCPgaDjnx0i8w7vBzFLFR1f6CMLKF8gVbebmkUN3fa/kQJpQ==

lightningcss-linux-arm64-musl@1.32.0:
  version "1.32.0"
  resolved "https://registry.npmmirror.com/lightningcss-linux-arm64-musl/-/lightningcss-linux-arm64-musl-1.32.0.tgz#6be36692e810b718040802fd809623cffe732133"
  integrity sha512-UpQkoenr4UJEzgVIYpI80lDFvRmPVg6oqboNHfoH4CQIfNA+HOrZ7Mo7KZP02dC6LjghPQJeBsvXhJod/wnIBg==

lightningcss-linux-x64-gnu@1.32.0:
  version "1.32.0"
  resolved "https://registry.npmmirror.com/lightningcss-linux-x64-gnu/-/lightningcss-linux-x64-gnu-1.32.0.tgz#0b7803af4eb21cfd38dd39fe2abbb53c7dd091f6"
  integrity sha512-V7Qr52IhZmdKPVr+Vtw8o+WLsQJYCTd8loIfpDaMRWGUZfBOYEJeyJIkqGIDMZPwPx24pUMfwSxxI8phr/MbOA==

lightningcss-linux-x64-musl@1.32.0:
  version "1.32.0"
  resolved "https://registry.npmmirror.com/lightningcss-linux-x64-musl/-/lightningcss-linux-x64-musl-1.32.0.tgz#88dc8ba865ddddb1ac5ef04b0f161804418c163b"
  integrity sha512-bYcLp+Vb0awsiXg/80uCRezCYHNg1/l3mt0gzHnWV9XP1W5sKa5/TCdGWaR/zBM2PeF/HbsQv/j2URNOiVuxWg==

lightningcss-win32-arm64-msvc@1.32.0:
  version "1.32.0"
  resolved "https://registry.npmmirror.com/lightningcss-win32-arm64-msvc/-/lightningcss-win32-arm64-msvc-1.32.0.tgz#4f30ba3fa5e925f5b79f945e8cc0d176c3b1ab38"
  integrity sha512-8SbC8BR40pS6baCM8sbtYDSwEVQd4JlFTOlaD3gWGHfThTcABnNDBda6eTZeqbofalIJhFx0qKzgHJmcPTnGdw==

lightningcss-win32-x64-msvc@1.32.0:
  version "1.32.0"
  resolved "https://registry.npmmirror.com/lightningcss-win32-x64-msvc/-/lightningcss-win32-x64-msvc-1.32.0.tgz#141aa5605645064928902bb4af045fa7d9f4220a"
  integrity sha512-Amq9B/SoZYdDi1kFrojnoqPLxYhQ4Wo5XiL8EVJrVsB8ARoC1PWW6VGtT0WKCemjy8aC+louJnjS7U18x3b06Q==

lightningcss@^1.32.0:
  version "1.32.0"
  resolved "https://registry.npmmirror.com/lightningcss/-/lightningcss-1.32.0.tgz#b85aae96486dcb1bf49a7c8571221273f4f1e4a9"
  integrity sha512-NXYBzinNrblfraPGyrbPoD19C1h9lfI/1mzgWYvXUTe414Gz/X1FD2XBZSZM7rRTrMA8JL3OtAaGifrIKhQ5yQ==
  dependencies:
    detect-libc "^2.0.3"
  optionalDependencies:
    lightningcss-android-arm64 "1.32.0"
    lightningcss-darwin-arm64 "1.32.0"
    lightningcss-darwin-x64 "1.32.0"
    lightningcss-freebsd-x64 "1.32.0"
    lightningcss-linux-arm-gnueabihf "1.32.0"
    lightningcss-linux-arm64-gnu "1.32.0"
    lightningcss-linux-arm64-musl "1.32.0"
    lightningcss-linux-x64-gnu "1.32.0"
    lightningcss-linux-x64-musl "1.32.0"
    lightningcss-win32-arm64-msvc "1.32.0"
    lightningcss-win32-x64-msvc "1.32.0"

lodash@^4.17.4:
  version "4.18.1"
  resolved "https://registry.npmmirror.com/lodash/-/lodash-4.18.1.tgz#ff2b66c1f6326d59513de2407bf881439812771c"
  integrity sha512-dMInicTPVE8d1e5otfwmmjlxkZoUpiVLwyeTdUsi/Caj/gfzzblBcCE5sRHV/AsjuCmxWrte2TNGSYuCeCq+0Q==

loose-envify@^1.0.0:
  version "1.4.0"
  resolved "https://registry.npmmirror.com/loose-envify/-/loose-envify-1.4.0.tgz#71ee51fa7be4caec1a63839f7e682d8132d30caf"
  integrity sha512-lyuxPGr/Wfhrlem2CL/UcnUc1zcqKAImBDzukY7Y5F/yQiNdko6+fRLevlw1HgMySw7f611UIY408EtxRSoK3Q==
  dependencies:
    js-tokens "^3.0.0 || ^4.0.0"

ms@2.0.0:
  version "2.0.0"
  resolved "https://registry.npmmirror.com/ms/-/ms-2.0.0.tgz#5608aeadfc00be6c2901df5f9861788de0d597c8"
  integrity sha512-Tpp60P6IUJDTuOq/5Z8cdskzJujfwqfOTkrwIwj7IRISpnkJnT6SyJ4PCPnGMoFjC9ddhal5KVIYtAt97ix05A==

nanoid@^3.3.11:
  version "3.3.11"
  resolved "https://registry.npmmirror.com/nanoid/-/nanoid-3.3.11.tgz#4f4f112cefbe303202f2199838128936266d185b"
  integrity sha512-N8SpfPUnUp1bK+PMYW8qSWdl9U+wwNWI4QKxOYDy9JAro3WMX7p2OeVRF9v+347pnakNevPmiHhNmZ2HbFA76w==

picocolors@^1.1.1:
  version "1.1.1"
  resolved "https://registry.npmmirror.com/picocolors/-/picocolors-1.1.1.tgz#3d321af3eab939b083c8f929a1d12cda81c26b6b"
  integrity sha512-xceH2snhtb5M9liqDsmEw56le376mTZkEX/jEb/RxNFyegNul7eNslCXP9FDj/Lcu0X8KEyMceP2ntpaHrDEVA==

picomatch@^4.0.3:
  version "4.0.3"
  resolved "https://registry.npmmirror.com/picomatch/-/picomatch-4.0.3.tgz#796c76136d1eead715db1e7bad785dedd695a042"
  integrity sha512-5gTmgEY/sqK6gFXLIsQNH19lWb4ebPDLA4SdLP7dsWkIXHWlG66oPuVvXSGFPppYZz8ZDZq0dYYrbHfBCVUb1Q==

postcss@^8.5.8:
  version "8.5.8"
  resolved "https://registry.npmmirror.com/postcss/-/postcss-8.5.8.tgz#6230ecc8fb02e7a0f6982e53990937857e13f399"
  integrity sha512-OW/rX8O/jXnm82Ey1k44pObPtdblfiuWnrd8X7GJ7emImCOstunGbXUpp7HdBrFQX6rJzn3sPT397Wp5aCwCHg==
  dependencies:
    nanoid "^3.3.11"
    picocolors "^1.1.1"
    source-map-js "^1.2.1"

regenerator-runtime@^0.11.0:
  version "0.11.1"
  resolved "https://registry.npmmirror.com/regenerator-runtime/-/regenerator-runtime-0.11.1.tgz#be05ad7f9bf7d22e056f9726cee5017fbf19e2e9"
  integrity sha512-MguG95oij0fC3QV3URf4V2SDYGJhJnJGqvIIgdECeODCT98wSWDAJ94SSuVpYQUoTcGUIL6L4yNB7j1DFFHSBg==

rolldown@1.0.0-rc.11:
  version "1.0.0-rc.11"
  resolved "https://registry.npmmirror.com/rolldown/-/rolldown-1.0.0-rc.11.tgz#6eaf091b1bbb5ed92e5302171a3d59f0d026d9c0"
  integrity sha512-NRjoKMusSjfRbSYiH3VSumlkgFe7kYAa3pzVOsVYVFY3zb5d7nS+a3KGQ7hJKXuYWbzJKPVQ9Wxq2UvyK+ENpw==
  dependencies:
    "@oxc-project/types" "=0.122.0"
    "@rolldown/pluginutils" "1.0.0-rc.11"
  optionalDependencies:
    "@rolldown/binding-android-arm64" "1.0.0-rc.11"
    "@rolldown/binding-darwin-arm64" "1.0.0-rc.11"
    "@rolldown/binding-darwin-x64" "1.0.0-rc.11"
    "@rolldown/binding-freebsd-x64" "1.0.0-rc.11"
    "@rolldown/binding-linux-arm-gnueabihf" "1.0.0-rc.11"
    "@rolldown/binding-linux-arm64-gnu" "1.0.0-rc.11"
    "@rolldown/binding-linux-arm64-musl" "1.0.0-rc.11"
    "@rolldown/binding-linux-ppc64-gnu" "1.0.0-rc.11"
    "@rolldown/binding-linux-s390x-gnu" "1.0.0-rc.11"
    "@rolldown/binding-linux-x64-gnu" "1.0.0-rc.11"
    "@rolldown/binding-linux-x64-musl" "1.0.0-rc.11"
    "@rolldown/binding-openharmony-arm64" "1.0.0-rc.11"
    "@rolldown/binding-wasm32-wasi" "1.0.0-rc.11"
    "@rolldown/binding-win32-arm64-msvc" "1.0.0-rc.11"
    "@rolldown/binding-win32-x64-msvc" "1.0.0-rc.11"

source-map-js@^1.2.1:
  version "1.2.1"
  resolved "https://registry.npmmirror.com/source-map-js/-/source-map-js-1.2.1.tgz#1ce5650fddd87abc099eda37dcff024c2667ae46"
  integrity sha512-UXWMKhLOwVKb728IUtQPXxfYU+usdybtUrK/8uGE8CQMvrhOpwvzDBwj0QhSL7MQc7vIsISBG8VQ8+IDQxpfQA==

strip-ansi@^3.0.0:
  version "3.0.1"
  resolved "https://registry.npmmirror.com/strip-ansi/-/strip-ansi-3.0.1.tgz#6a385fb8853d952d5ff05d0e8aaf94278dc63dcf"
  integrity sha512-VhumSSbBqDTP8p2ZLKj40UjBCV4+v8bUSEpUb4KjRgWk9pbqGF4REFj6KEagidb2f/M6AzC0EmFyDNGaw9OCzg==
  dependencies:
    ansi-regex "^2.0.0"

supports-color@^2.0.0:
  version "2.0.0"
  resolved "https://registry.npmmirror.com/supports-color/-/supports-color-2.0.0.tgz#535d045ce6b6363fa40117084629995e9df324c7"
  integrity sha512-KKNVtd6pCYgPIKU4cp2733HWYCpplQhddZLBUryaAHou723x+FRzQ5Df824Fj+IyyuiQTRoub4SnIFfIcrp70g==

tinyglobby@^0.2.15:
  version "0.2.15"
  resolved "https://registry.npmmirror.com/tinyglobby/-/tinyglobby-0.2.15.tgz#e228dd1e638cea993d2fdb4fcd2d4602a79951c2"
  integrity sha512-j2Zq4NyQYG5XMST4cbs02Ak8iJUdxRM0XI5QyxXuZOzKOINmWurp3smXu3y5wDcJrptwpSjgXHzIQxR0omXljQ==
  dependencies:
    fdir "^6.5.0"
    picomatch "^4.0.3"

to-fast-properties@^1.0.3:
  version "1.0.3"
  resolved "https://registry.npmmirror.com/to-fast-properties/-/to-fast-properties-1.0.3.tgz#b83571fa4d8c25b82e231b06e3a3055de4ca1a47"
  integrity sha512-lxrWP8ejsq+7E3nNjwYmUBMAgjMTZoTI+sdBOpvNyijeDLa29LUn9QaoXAHv4+Z578hbmHHJKZknzxVtvo77og==

tslib@^2.4.0:
  version "2.8.1"
  resolved "https://registry.npmmirror.com/tslib/-/tslib-2.8.1.tgz#612efe4ed235d567e8aba5f2a5fab70280ade83f"
  integrity sha512-oJFu94HQb+KVduSUQL7wnpmqnfmLsOA/nAh6b6EH0wCEoK0/mPeXU6c3wKDV83MkOuHPRHtSXKKU99IBazS/2w==

vite@^8.0.1:
  version "8.0.2"
  resolved "https://registry.npmmirror.com/vite/-/vite-8.0.2.tgz#fcee428eb0ad3d4aa9843d7f7ba981679bbe5edc"
  integrity sha512-1gFhNi+bHhRE/qKZOJXACm6tX4bA3Isy9KuKF15AgSRuRazNBOJfdDemPBU16/mpMxApDPrWvZ08DcLPEoRnuA==
  dependencies:
    lightningcss "^1.32.0"
    picomatch "^4.0.3"
    postcss "^8.5.8"
    rolldown "1.0.0-rc.11"
    tinyglobby "^0.2.15"
  optionalDependencies:
    fsevents "~2.3.3"
